{
    "_readme": [
        "This file locks the dependencies of your project to a known state",
        "Read more about it at https://getcomposer.org/doc/01-basic-usage.md#installing-dependencies",
        "This file is @generated automatically"
    ],
    "content-hash": "be48f3333c65f59dc6e494bbd74ea525",
    "packages": [
        {
            "name": "tecnickcom/tc-lib-barcode",
            "version": "2.4.6",
            "source": {
                "type": "git",
                "url": "https://github.com/tecnickcom/tc-lib-barcode.git",
                "reference": "c6130222fdc02a2d7c90682b5c2ca24a059c16f4"
            },
            "dist": {
                "type": "zip",
                "url": "https://api.github.com/repos/tecnickcom/tc-lib-barcode/zipball/c6130222fdc02a2d7c90682b5c2ca24a059c16f4",
                "reference": "c6130222fdc02a2d7c90682b5c2ca24a059c16f4",
                "shasum": ""
            },
            "require": {
                "ext-bcmath": "*",
                "ext-date": "*",
                "ext-gd": "*",
                "ext-pcre": "*",
                "php": ">=8.1",
                "tecnickcom/tc-lib-color": "^2.2"
            },
            "require-dev": {
                "pdepend/pdepend": "2.16.2",
                "phpmd/phpmd": "2.15.0",
                "phpunit/phpunit": "12.1.3 || 11.5.7 || 10.5.40",
                "squizlabs/php_codesniffer": "3.12.2"
            },
            "type": "library",
            "autoload": {
                "psr-4": {
                    "Com\\Tecnick\\Barcode\\": "src"
                }
            },
            "notification-url": "https://packagist.org/downloads/",
            "license": [
                "LGPL-3.0-or-later"
            ],
            "authors": [
                {
                    "name": "Nicola Asuni",
                    "email": "info@tecnick.com",
                    "role": "lead"
                }
            ],
            "description": "PHP library to generate linear and bidimensional barcodes",
            "homepage": "http://www.tecnick.com",
            "keywords": [
                "3 of 9",
                "ANSI MH10.8M-1983",
                "CBC",
                "CODABAR",
                "CODE 11",
                "CODE 128 A B C",
                "CODE 39",
                "CODE 93",
                "EAN 13",
                "EAN 8",
                "ECC200",
                "ISO IEC 15438 2006",
                "ISO IEC 16022",
                "ISO IEC 24778 2008",
                "Intelligent Mail Barcode",
                "Interleaved 2 of 5",
                "KIX",
                "Klant",
                "MSI",
                "Onecode",
                "PHARMACODE",
                "PHARMACODE TWO-TRACKS",
                "POSTNET",
                "RMS4CC",
                "Standard 2 of 5",
                "UPC-A",
                "UPC-E",
                "USD-3",
                "USPS-B-3200",
                "USS-93",
                "aztec",
                "barcode",
                "datamatrix",
                "pdf417",
                "planet",
                "qr-code",
                "royal mail",
                "tc-lib-barcode",
                "upc"
            ],
            "support": {
                "issues": "https://github.com/tecnickcom/tc-lib-barcode/issues",
                "source": "https://github.com/tecnickcom/tc-lib-barcode/tree/2.4.6"
            },
            "funding": [
                {
                    "url": "https://www.paypal.com/donate/?hosted_button_id=NZUEC5XS8MFBJ",
                    "type": "custom"
                }
            ],
            "time": "2025-05-13T05:49:21+00:00"
        },
        {
            "name": "tecnickcom/tc-lib-color",
            "version": "2.2.11",
            "source": {
                "type": "git",
                "url": "https://github.com/tecnickcom/tc-lib-color.git",
                "reference": "ead45d76932d936e065062194032bf87f7ea45f8"
            },
            "dist": {
                "type": "zip",
                "url": "https://api.github.com/repos/tecnickcom/tc-lib-color/zipball/ead45d76932d936e065062194032bf87f7ea45f8",
                "reference": "ead45d76932d936e065062194032bf87f7ea45f8",
                "shasum": ""
            },
            "require": {
                "ext-pcre": "*",
                "php": ">=8.1"
            },
            "require-dev": {
                "pdepend/pdepend": "2.16.2",
                "phpmd/phpmd": "2.15.0",
                "phpunit/phpunit": "12.1.3 || 11.5.7 || 10.5.40",
                "squizlabs/php_codesniffer": "3.12.2"
            },
            "type": "library",
            "autoload": {
                "psr-4": {
                    "Com\\Tecnick\\Color\\": "src"
                }
            },
            "notification-url": "https://packagist.org/downloads/",
            "license": [
                "LGPL-3.0-or-later"
            ],
            "authors": [
                {
                    "name": "Nicola Asuni",
                    "email": "info@tecnick.com",
                    "role": "lead"
                }
            ],
            "description": "PHP library to manipulate various color representations",
            "homepage": "http://www.tecnick.com",
            "keywords": [
                "cmyk",
                "color",
                "colors",
                "colour",
                "colours",
                "hsl",
                "hsla",
                "javascript",
                "rgb",
                "rgba",
                "tc-lib-color",
                "web"
            ],
            "support": {
                "issues": "https://github.com/tecnickcom/tc-lib-color/issues",
                "source": "https://github.com/tecnickcom/tc-lib-color/tree/2.2.11"
            },
            "funding": [
                {
                    "url": "https://www.paypal.com/donate/?hosted_button_id=NZUEC5XS8MFBJ",
                    "type": "custom"
                }
            ],
            "time": "2025-05-13T05:47:44+00:00"
        },
        {
            "name": "tecnickcom/tc-lib-file",
            "version": "2.1.6",
            "source": {
                "type": "git",
                "url": "https://github.com/tecnickcom/tc-lib-file.git",
                "reference": "04bf0b6d47de02aaffd619e959a25925e8746726"
            },
            "dist": {
                "type": "zip",
                "url": "https://api.github.com/repos/tecnickcom/tc-lib-file/zipball/04bf0b6d47de02aaffd619e959a25925e8746726",
                "reference": "04bf0b6d47de02aaffd619e959a25925e8746726",
                "shasum": ""
            },
            "require": {
                "ext-curl": "*",
                "ext-pcre": "*",
                "php": ">=8.1"
            },
            "require-dev": {
                "pdepend/pdepend": "2.16.2",
                "phpmd/phpmd": "2.15.0",
                "phpunit/phpunit": "12.1.3 || 11.5.7 || 10.5.40",
                "squizlabs/php_codesniffer": "3.12.2"
            },
            "type": "library",
            "autoload": {
                "psr-4": {
                    "Com\\Tecnick\\File\\": "src"
                }
            },
            "notification-url": "https://packagist.org/downloads/",
            "license": [
                "LGPL-3.0-or-later"
            ],
            "authors": [
                {
                    "name": "Nicola Asuni",
                    "email": "info@tecnick.com",
                    "role": "lead"
                }
            ],
            "description": "PHP library to read byte-level data from files",
            "homepage": "http://www.tecnick.com",
            "keywords": [
                "Double",
                "bit",
                "byte",
                "file",
                "long",
                "read",
                "short",
                "tc-lib-file"
            ],
            "support": {
                "issues": "https://github.com/tecnickcom/tc-lib-file/issues",
                "source": "https://github.com/tecnickcom/tc-lib-file/tree/2.1.6"
            },
            "funding": [
                {
                    "url": "https://www.paypal.com/donate/?hosted_button_id=NZUEC5XS8MFBJ",
                    "type": "custom"
                }
            ],
            "time": "2025-05-13T05:47:58+00:00"
        },
        {
            "name": "tecnickcom/tc-lib-pdf",
            "version": "8.0.88",
            "source": {
                "type": "git",
                "url": "https://github.com/tecnickcom/tc-lib-pdf.git",
                "reference": "0ca1814affe004f80c369c511545950151828c20"
            },
            "dist": {
                "type": "zip",
                "url": "https://api.github.com/repos/tecnickcom/tc-lib-pdf/zipball/0ca1814affe004f80c369c511545950151828c20",
                "reference": "0ca1814affe004f80c369c511545950151828c20",
                "shasum": ""
            },
            "require": {
                "ext-date": "*",
                "ext-pcre": "*",
                "php": ">=8.1",
                "tecnickcom/tc-lib-barcode": "^2.4",
                "tecnickcom/tc-lib-color": "^2.2",
                "tecnickcom/tc-lib-file": "^2.1",
                "tecnickcom/tc-lib-pdf-encrypt": "^2.1",
                "tecnickcom/tc-lib-pdf-font": "^2.6",
                "tecnickcom/tc-lib-pdf-graph": "^2.2",
                "tecnickcom/tc-lib-pdf-image": "^2.1",
                "tecnickcom/tc-lib-pdf-page": "^4.2",
                "tecnickcom/tc-lib-unicode": "^2.0",
                "tecnickcom/tc-lib-unicode-data": "^2.0"
            },
            "require-dev": {
                "pdepend/pdepend": "2.16.2",
                "phpmd/phpmd": "2.15.0",
                "phpunit/phpunit": "12.1.3 || 11.5.7 || 10.5.40",
                "squizlabs/php_codesniffer": "3.12.2"
            },
            "type": "library",
            "autoload": {
                "psr-4": {
                    "Com\\Tecnick\\Pdf\\": "src"
                }
            },
            "notification-url": "https://packagist.org/downloads/",
            "license": [
                "LGPL-3.0-or-later"
            ],
            "authors": [
                {
                    "name": "Nicola Asuni",
                    "email": "info@tecnick.com",
                    "role": "lead"
                }
            ],
            "description": "PHP PDF Library",
            "homepage": "http://www.tecnick.com",
            "keywords": [
                "PDFD32000-2008",
                "TCPDF",
                "document",
                "pdf",
                "tc-lib-pdf"
            ],
            "support": {
                "issues": "https://github.com/tecnickcom/tc-lib-pdf/issues",
                "source": "https://github.com/tecnickcom/tc-lib-pdf/tree/8.0.88"
            },
            "funding": [
                {
                    "url": "https://www.paypal.com/donate/?hosted_button_id=NZUEC5XS8MFBJ",
                    "type": "custom"
                }
            ],
            "time": "2025-05-13T05:52:58+00:00"
        },
        {
            "name": "tecnickcom/tc-lib-pdf-encrypt",
            "version": "2.1.14",
            "source": {
                "type": "git",
                "url": "https://github.com/tecnickcom/tc-lib-pdf-encrypt.git",
                "reference": "44dfdc41393f96edcf8f2442c20c4de07d42d564"
            },
            "dist": {
                "type": "zip",
                "url": "https://api.github.com/repos/tecnickcom/tc-lib-pdf-encrypt/zipball/44dfdc41393f96edcf8f2442c20c4de07d42d564",
                "reference": "44dfdc41393f96edcf8f2442c20c4de07d42d564",
                "shasum": ""
            },
            "require": {
                "ext-date": "*",
                "ext-hash": "*",
                "ext-openssl": "*",
                "ext-pcre": "*",
                "php": ">=8.1"
            },
            "require-dev": {
                "pdepend/pdepend": "2.16.2",
                "phpmd/phpmd": "2.15.0",
                "phpunit/phpunit": "12.1.3 || 11.5.7 || 10.5.40",
                "squizlabs/php_codesniffer": "3.12.2"
            },
            "suggest": {
                "ext-posix": "*"
            },
            "type": "library",
            "autoload": {
                "psr-4": {
                    "Com\\Tecnick\\Pdf\\Encrypt\\": "src"
                }
            },
            "notification-url": "https://packagist.org/downloads/",
            "license": [
                "LGPL-3.0-or-later"
            ],
            "authors": [
                {
                    "name": "Nicola Asuni",
                    "email": "info@tecnick.com",
                    "role": "lead"
                }
            ],
            "description": "PHP library to encrypt data for PDF",
            "homepage": "http://www.tecnick.com",
            "keywords": [
                "aes",
                "encrypt",
                "encryption",
                "pdf",
                "rc4",
                "tc-lib-pdf-encrypt"
            ],
            "support": {
                "issues": "https://github.com/tecnickcom/tc-lib-pdf-encrypt/issues",
                "source": "https://github.com/tecnickcom/tc-lib-pdf-encrypt/tree/2.1.14"
            },
            "funding": [
                {
                    "url": "https://www.paypal.com/donate/?hosted_button_id=NZUEC5XS8MFBJ",
                    "type": "custom"
                }
            ],
            "time": "2025-05-13T05:48:11+00:00"
        },
        {
            "name": "tecnickcom/tc-lib-pdf-font",
            "version": "2.6.9",
            "source": {
                "type": "git",
                "url": "https://github.com/tecnickcom/tc-lib-pdf-font.git",
                "reference": "8afa49cd08b622deeacc93331038b069d0ea28dc"
            },
            "dist": {
                "type": "zip",
                "url": "https://api.github.com/repos/tecnickcom/tc-lib-pdf-font/zipball/8afa49cd08b622deeacc93331038b069d0ea28dc",
                "reference": "8afa49cd08b622deeacc93331038b069d0ea28dc",
                "shasum": ""
            },
            "require": {
                "ext-json": "*",
                "ext-pcre": "*",
                "ext-zlib": "*",
                "php": ">=8.1",
                "tecnickcom/tc-lib-file": "^2.1",
                "tecnickcom/tc-lib-pdf-encrypt": "^2.1",
                "tecnickcom/tc-lib-unicode-data": "^2.0"
            },
            "require-dev": {
                "pdepend/pdepend": "2.16.2",
                "phpmd/phpmd": "2.15.0",
                "phpunit/phpunit": "12.1.3 || 11.5.7 || 10.5.40",
                "squizlabs/php_codesniffer": "3.12.2"
            },
            "type": "library",
            "autoload": {
                "psr-4": {
                    "Com\\Tecnick\\Pdf\\Font\\": "src"
                }
            },
            "notification-url": "https://packagist.org/downloads/",
            "license": [
                "LGPL-3.0-or-later"
            ],
            "authors": [
                {
                    "name": "Nicola Asuni",
                    "email": "info@tecnick.com",
                    "role": "lead"
                }
            ],
            "description": "PHP library containing PDF page formats and definitions",
            "homepage": "http://www.tecnick.com",
            "keywords": [
                "PFB",
                "afm",
                "font",
                "import",
                "pdf",
                "tc-lib-pdf-font",
                "ttf"
            ],
            "support": {
                "issues": "https://github.com/tecnickcom/tc-lib-pdf-font/issues",
                "source": "https://github.com/tecnickcom/tc-lib-pdf-font/tree/2.6.9"
            },
            "funding": [
                {
                    "url": "https://www.paypal.com/donate/?hosted_button_id=NZUEC5XS8MFBJ",
                    "type": "custom"
                }
            ],
            "time": "2025-05-13T05:51:45+00:00"
        },
        {
            "name": "tecnickcom/tc-lib-pdf-graph",
            "version": "2.2.10",
            "source": {
                "type": "git",
                "url": "https://github.com/tecnickcom/tc-lib-pdf-graph.git",
                "reference": "49f2eee5869a3d03ae449a904d8b02d3a1e1936c"
            },
            "dist": {
                "type": "zip",
                "url": "https://api.github.com/repos/tecnickcom/tc-lib-pdf-graph/zipball/49f2eee5869a3d03ae449a904d8b02d3a1e1936c",
                "reference": "49f2eee5869a3d03ae449a904d8b02d3a1e1936c",
                "shasum": ""
            },
            "require": {
                "ext-zlib": "*",
                "php": ">=8.1",
                "tecnickcom/tc-lib-color": "^2.2",
                "tecnickcom/tc-lib-pdf-encrypt": "^2.1"
            },
            "require-dev": {
                "pdepend/pdepend": "2.16.2",
                "phpmd/phpmd": "2.15.0",
                "phpunit/phpunit": "12.1.3 || 11.5.7 || 10.5.40",
                "squizlabs/php_codesniffer": "3.12.2"
            },
            "type": "library",
            "autoload": {
                "psr-4": {
                    "Com\\Tecnick\\Pdf\\Graph\\": "src"
                }
            },
            "notification-url": "https://packagist.org/downloads/",
            "license": [
                "LGPL-3.0-or-later"
            ],
            "authors": [
                {
                    "name": "Nicola Asuni",
                    "email": "info@tecnick.com",
                    "role": "lead"
                }
            ],
            "description": "PHP library containing PDF graphic and geometric methods",
            "homepage": "http://www.tecnick.com",
            "keywords": [
                "geometry",
                "graphic",
                "pdf",
                "tc-lib-pdf-graph",
                "transformation"
            ],
            "support": {
                "issues": "https://github.com/tecnickcom/tc-lib-pdf-graph/issues",
                "source": "https://github.com/tecnickcom/tc-lib-pdf-graph/tree/2.2.10"
            },
            "funding": [
                {
                    "url": "https://www.paypal.com/donate/?hosted_button_id=NZUEC5XS8MFBJ",
                    "type": "custom"
                }
            ],
            "time": "2025-05-13T05:50:45+00:00"
        },
        {
            "name": "tecnickcom/tc-lib-pdf-image",
            "version": "2.1.10",
            "source": {
                "type": "git",
                "url": "https://github.com/tecnickcom/tc-lib-pdf-image.git",
                "reference": "9271336272f6597be0b065c73e5ffe1104ade83b"
            },
            "dist": {
                "type": "zip",
                "url": "https://api.github.com/repos/tecnickcom/tc-lib-pdf-image/zipball/9271336272f6597be0b065c73e5ffe1104ade83b",
                "reference": "9271336272f6597be0b065c73e5ffe1104ade83b",
                "shasum": ""
            },
            "require": {
                "ext-gd": "*",
                "ext-zlib": "*",
                "php": ">=8.1",
                "tecnickcom/tc-lib-color": "^2.2",
                "tecnickcom/tc-lib-file": "^2.1",
                "tecnickcom/tc-lib-pdf-encrypt": "^2.1"
            },
            "require-dev": {
                "pdepend/pdepend": "2.16.2",
                "phpmd/phpmd": "2.15.0",
                "phpunit/phpunit": "12.1.3 || 11.5.7 || 10.5.40",
                "squizlabs/php_codesniffer": "3.12.2"
            },
            "type": "library",
            "autoload": {
                "psr-4": {
                    "Com\\Tecnick\\Pdf\\Image\\": "src"
                }
            },
            "notification-url": "https://packagist.org/downloads/",
            "license": [
                "LGPL-3.0-or-later"
            ],
            "authors": [
                {
                    "name": "Nicola Asuni",
                    "email": "info@tecnick.com",
                    "role": "lead"
                }
            ],
            "description": "PHP library containing PDF Image methods",
            "homepage": "http://www.tecnick.com",
            "keywords": [
                "image",
                "jpeg",
                "jpg",
                "pdf",
                "png",
                "tc-lib-pdf-image"
            ],
            "support": {
                "issues": "https://github.com/tecnickcom/tc-lib-pdf-image/issues",
                "source": "https://github.com/tecnickcom/tc-lib-pdf-image/tree/2.1.10"
            },
            "funding": [
                {
                    "url": "https://www.paypal.com/donate/?hosted_button_id=NZUEC5XS8MFBJ",
                    "type": "custom"
                }
            ],
            "time": "2025-05-13T05:51:00+00:00"
        },
        {
            "name": "tecnickcom/tc-lib-pdf-page",
            "version": "4.2.9",
            "source": {
                "type": "git",
                "url": "https://github.com/tecnickcom/tc-lib-pdf-page.git",
                "reference": "faa30a2eeed1fd3c19b5210e04a15c513941e1a1"
            },
            "dist": {
                "type": "zip",
                "url": "https://api.github.com/repos/tecnickcom/tc-lib-pdf-page/zipball/faa30a2eeed1fd3c19b5210e04a15c513941e1a1",
                "reference": "faa30a2eeed1fd3c19b5210e04a15c513941e1a1",
                "shasum": ""
            },
            "require": {
                "ext-date": "*",
                "ext-zlib": "*",
                "php": ">=8.1",
                "tecnickcom/tc-lib-color": "^2.2",
                "tecnickcom/tc-lib-pdf-encrypt": "^2.1"
            },
            "require-dev": {
                "pdepend/pdepend": "2.16.2",
                "phpmd/phpmd": "2.15.0",
                "phpunit/phpunit": "12.1.3 || 11.5.7 || 10.5.40",
                "squizlabs/php_codesniffer": "3.12.2"
            },
            "type": "library",
            "autoload": {
                "psr-4": {
                    "Com\\Tecnick\\Pdf\\Page\\": "src"
                }
            },
            "notification-url": "https://packagist.org/downloads/",
            "license": [
                "LGPL-3.0-or-later"
            ],
            "authors": [
                {
                    "name": "Nicola Asuni",
                    "email": "info@tecnick.com",
                    "role": "lead"
                }
            ],
            "description": "PHP library containing PDF page formats and definitions",
            "homepage": "http://www.tecnick.com",
            "keywords": [
                "format",
                "page",
                "pdf",
                "tc-lib-pdf-page"
            ],
            "support": {
                "issues": "https://github.com/tecnickcom/tc-lib-pdf-page/issues",
                "source": "https://github.com/tecnickcom/tc-lib-pdf-page/tree/4.2.9"
            },
            "funding": [
                {
                    "url": "https://www.paypal.com/donate/?hosted_button_id=NZUEC5XS8MFBJ",
                    "type": "custom"
                }
            ],
            "time": "2025-05-13T05:50:30+00:00"
        },
        {
            "name": "tecnickcom/tc-lib-unicode",
            "version": "2.0.22",
            "source": {
                "type": "git",
                "url": "https://github.com/tecnickcom/tc-lib-unicode.git",
                "reference": "4d4be0e452567d6006981fd309f1b2a929294766"
            },
            "dist": {
                "type": "zip",
                "url": "https://api.github.com/repos/tecnickcom/tc-lib-unicode/zipball/4d4be0e452567d6006981fd309f1b2a929294766",
                "reference": "4d4be0e452567d6006981fd309f1b2a929294766",
                "shasum": ""
            },
            "require": {
                "ext-mbstring": "*",
                "ext-pcre": "*",
                "php": ">=8.1",
                "tecnickcom/tc-lib-unicode-data": "^2.0"
            },
            "require-dev": {
                "pdepend/pdepend": "2.16.2",
                "phpmd/phpmd": "2.15.0",
                "phpunit/phpunit": "12.1.3 || 11.5.7 || 10.5.40",
                "squizlabs/php_codesniffer": "3.12.2"
            },
            "type": "library",
            "autoload": {
                "psr-4": {
                    "Com\\Tecnick\\Unicode\\": "src"
                }
            },
            "notification-url": "https://packagist.org/downloads/",
            "license": [
                "LGPL-3.0-or-later"
            ],
            "authors": [
                {
                    "name": "Nicola Asuni",
                    "email": "info@tecnick.com",
                    "role": "lead"
                }
            ],
            "description": "PHP library containing Unicode methods",
            "homepage": "http://www.tecnick.com",
            "keywords": [
                "font",
                "pdf",
                "tc-lib-unicode",
                "unicode",
                "utf-8"
            ],
            "support": {
                "issues": "https://github.com/tecnickcom/tc-lib-unicode/issues",
                "source": "https://github.com/tecnickcom/tc-lib-unicode/tree/2.0.22"
            },
            "funding": [
                {
                    "url": "https://www.paypal.com/donate/?hosted_button_id=NZUEC5XS8MFBJ",
                    "type": "custom"
                }
            ],
            "time": "2025-05-13T05:50:14+00:00"
        },
        {
            "name": "tecnickcom/tc-lib-unicode-data",
            "version": "2.0.22",
            "source": {
                "type": "git",
                "url": "https://github.com/tecnickcom/tc-lib-unicode-data.git",
                "reference": "b34bd78d3e0846b5464132ace6168114aef8d17f"
            },
            "dist": {
                "type": "zip",
                "url": "https://api.github.com/repos/tecnickcom/tc-lib-unicode-data/zipball/b34bd78d3e0846b5464132ace6168114aef8d17f",
                "reference": "b34bd78d3e0846b5464132ace6168114aef8d17f",
                "shasum": ""
            },
            "require": {
                "php": ">=8.1"
            },
            "require-dev": {
                "pdepend/pdepend": "2.16.2",
                "phpmd/phpmd": "2.15.0",
                "phpunit/phpunit": "12.1.3 || 11.5.7 || 10.5.40",
                "squizlabs/php_codesniffer": "3.12.2"
            },
            "type": "library",
            "autoload": {
                "psr-4": {
                    "Com\\Tecnick\\Unicode\\Data\\": "src"
                }
            },
            "notification-url": "https://packagist.org/downloads/",
            "license": [
                "LGPL-3.0-or-later"
            ],
            "authors": [
                {
                    "name": "Nicola Asuni",
                    "email": "info@tecnick.com",
                    "role": "lead"
                }
            ],
            "description": "PHP library containing Unicode definitions",
            "homepage": "http://www.tecnick.com",
            "keywords": [
                "font",
                "pdf",
                "tc-lib-unicode-data",
                "unicode",
                "utf-8"
            ],
            "support": {
                "issues": "https://github.com/tecnickcom/tc-lib-unicode-data/issues",
                "source": "https://github.com/tecnickcom/tc-lib-unicode-data/tree/2.0.22"
            },
            "funding": [
                {
                    "url": "https://www.paypal.com/donate/?hosted_button_id=NZUEC5XS8MFBJ",
                    "type": "custom"
                }
            ],
            "time": "2025-05-13T05:48:39+00:00"
        }
    ],
    "packages-dev": [],
    "aliases": [],
    "minimum-stability": "stable",
    "stability-flags": [],
    "prefer-stable": false,
    "prefer-lowest": false,
    "platform": [],
    "platform-dev": [],
    "plugin-api-version": "2.3.0"
}
